{
  "name": "apparts-frontend-api",
  "version": "1.0.0",
  "lockfileVersion": 1,
  "requires": true,
  "dependencies": {
    "apparts-config": {
      "version": "git+ssh://git@ph-uhl.com:Apparts/apparts-config.git#cad478287e64b7df08c9df602f547f46b3e5ad28",
      "from": "git+ssh://git@ph-uhl.com:Apparts/apparts-config.git#semver:^1.0.3"
    },
    "base-64": {
      "version": "0.1.0",
      "resolved": "https://registry.npmjs.org/base-64/-/base-64-0.1.0.tgz",
      "integrity": "sha1-eAqZyE59YAJgNhURxId2E78k9rs="
    }
  }
}
